
Microsoft Visual Studio Solution File, Format Version 12.00
# Visual Studio 14
VisualStudioVersion = 14.0.23107.0
MinimumVisualStudioVersion = 10.0.40219.1
Project("{FAE04EC0-301F-11D3-BF4B-00C04F79EFBC}") = "London", "London\London.csproj", "{FE7D1BB9-207C-4A5E-8173-B95EFC69F864}"
EndProject
Global
	GlobalSection(SolutionConfigurationPlatforms) = preSolution
		Debug|Any CPU = Debug|Any CPU
		Release|Any CPU = Release|Any CPU
	EndGlobalSection
	GlobalSection(ProjectConfigurationPlatforms) = postSolution
		{FE7D1BB9-207C-4A5E-8173-B95EFC69F864}.Debug|Any CPU.ActiveCfg = Debug|Any CPU
		{FE7D1BB9-207C-4A5E-8173-B95EFC69F864}.Debug|Any CPU.Build.0 = Debug|Any CPU
		{FE7D1BB9-207C-4A5E-8173-B95EFC69F864}.Release|Any CPU.ActiveCfg = Release|Any CPU
		{FE7D1BB9-207C-4A5E-8173-B95EFC69F864}.Release|Any CPU.Build.0 = Release|Any CPU
	EndGlobalSection
	GlobalSection(SolutionProperties) = preSolution
		HideSolutionNode = FALSE
	EndGlobalSection
EndGlobal
